github.com/adezxc/VU-Blockchain-Technology-2021/blockchain v0.0.0-20211118182721-b4eec40c3c8c h1:1SEI7NBu/i16is/qNQ+KbFyDiie8t3dRZxTPnBr1uF4=
github.com/adezxc/VU-Blockchain-Technology-2021/blockchain v0.0.0-20211118182721-b4eec40c3c8c/go.mod h1:J9sQtqb87kQ/fcWOsCLz5bgvfl9C1Za1RGs87MZhAl4=
github.com/adezxc/VU-Blockchain-Technology-2021/hashfunction v0.0.0-20211111195316-2509094a5dd1 h1:y4ESOVUUpo4QWwvwBiRIQcyf4ApIxCpSsL0haxV2YXI=
github.com/adezxc/VU-Blockchain-Technology-2021/hashfunction v0.0.0-20211111195316-2509094a5dd1/go.mod h1:+wVdTM29gkYkvLBz0lH6S0UFbQApfita7sDp1xhwBko=
