github.com/adezxc/VU-Blockchain-Technology-2021/blockchain/bc v0.0.0-20211028215456-f0d7651d253a h1:O+BLlZ5VouCEMtmlwr6kNBCkzCCGySYS1CyPnxW9O8Y=
github.com/adezxc/VU-Blockchain-Technology-2021/blockchain/bc v0.0.0-20211028215456-f0d7651d253a/go.mod h1:3qAJImhmVAQ2geftFKI/ky3iAWRZwwdMQifeVBxcOb4=
github.com/adezxc/VU-Blockchain-Technology-2021/blockchain/hash v0.0.0-20211028213736-c8875f68b979 h1:o5bu3CIIuH/VzQW+PUs1ic68DJ/VBirJUyfTlX6qW24=
github.com/adezxc/VU-Blockchain-Technology-2021/blockchain/hash v0.0.0-20211028213736-c8875f68b979/go.mod h1:HwPBDjUuNCSu6n9YzCbXUKcYFwtUs9BTdFZS2MFqPRk=
