github.com/adezxc/VU-Blockchain-Technology-2021/blockchain/hash v0.0.0-20211028213736-c8875f68b979 h1:o5bu3CIIuH/VzQW+PUs1ic68DJ/VBirJUyfTlX6qW24=
github.com/adezxc/VU-Blockchain-Technology-2021/blockchain/hash v0.0.0-20211028213736-c8875f68b979/go.mod h1:HwPBDjUuNCSu6n9YzCbXUKcYFwtUs9BTdFZS2MFqPRk=
